
Microsoft Visual Studio Solution File, Format Version 12.00
# Visual Studio Version 16
VisualStudioVersion = 16.0.31729.503
MinimumVisualStudioVersion = 10.0.40219.1
Project("{FAE04EC0-301F-11D3-BF4B-00C04F79EFBC}") = "FunctionApp", "FunctionApp\FunctionApp.csproj", "{A0AEC9D0-7654-49D0-81D8-A091696123DD}"
EndProject
Global
	GlobalSection(SolutionConfigurationPlatforms) = preSolution
		Debug|Any CPU = Debug|Any CPU
		Release|Any CPU = Release|Any CPU
	EndGlobalSection
	GlobalSection(ProjectConfigurationPlatforms) = postSolution
		{A0AEC9D0-7654-49D0-81D8-A091696123DD}.Debug|Any CPU.ActiveCfg = Debug|Any CPU
		{A0AEC9D0-7654-49D0-81D8-A091696123DD}.Debug|Any CPU.Build.0 = Debug|Any CPU
		{A0AEC9D0-7654-49D0-81D8-A091696123DD}.Release|Any CPU.ActiveCfg = Release|Any CPU
		{A0AEC9D0-7654-49D0-81D8-A091696123DD}.Release|Any CPU.Build.0 = Release|Any CPU
	EndGlobalSection
	GlobalSection(SolutionProperties) = preSolution
		HideSolutionNode = FALSE
	EndGlobalSection
	GlobalSection(ExtensibilityGlobals) = postSolution
		SolutionGuid = {94F5AD03-D581-4D7C-97F8-4BFC4F785D55}
	EndGlobalSection
EndGlobal
